
Microsoft Visual Studio Solution File, Format Version 12.00
# Visual Studio 14
VisualStudioVersion = 14.0.25420.1
MinimumVisualStudioVersion = 10.0.40219.1
Project("{F184B08F-C81C-45F6-A57F-5ABD9991F28F}") = "SalesAndInventorySystemII", "SalesAndInventorySystemII\SalesAndInventorySystemII.vbproj", "{6659718F-D7F7-4FFE-8A47-BDA847D98EEF}"
EndProject
Global
	GlobalSection(SolutionConfigurationPlatforms) = preSolution
		Debug|Any CPU = Debug|Any CPU
		Release|Any CPU = Release|Any CPU
	EndGlobalSection
	GlobalSection(ProjectConfigurationPlatforms) = postSolution
		{6659718F-D7F7-4FFE-8A47-BDA847D98EEF}.Debug|Any CPU.ActiveCfg = Debug|Any CPU
		{6659718F-D7F7-4FFE-8A47-BDA847D98EEF}.Debug|Any CPU.Build.0 = Debug|Any CPU
		{6659718F-D7F7-4FFE-8A47-BDA847D98EEF}.Release|Any CPU.ActiveCfg = Release|Any CPU
		{6659718F-D7F7-4FFE-8A47-BDA847D98EEF}.Release|Any CPU.Build.0 = Release|Any CPU
	EndGlobalSection
	GlobalSection(SolutionProperties) = preSolution
		HideSolutionNode = FALSE
	EndGlobalSection
EndGlobal
